// !$*UTF8*$!
{
	archiveVersion = 1;
	classes = {
	};
	objectVersion = 77;
	objects = {

/* Begin PBXBuildFile section */
		025C4870D8CD98F16FBEF697 /* DailyRecord.swift in Sources */ = {isa = PBXBuildFile; fileRef = 457D817E3FEA2CA1AB717600 /* DailyRecord.swift */; };
		126DFAFCAB80DD7895E5F01D /* NumberPadView.swift in Sources */ = {isa = PBXBuildFile; fileRef = CF4272919E91ADDCD0CC3888 /* NumberPadView.swift */; };
		149FEAABB302B9361B580396 /* SpriteAssets.json in Resources */ = {isa = PBXBuildFile; fileRef = DE3E376E2231B155BD6FC727 /* SpriteAssets.json */; };
		1B62603DBE4A7BFF030B6945 /* Assets.xcassets in Resources */ = {isa = PBXBuildFile; fileRef = 6F8CDB17DC7777304C68244B /* Assets.xcassets */; };
		1E507CBA01920A833ABC0D25 /* PrivacyInfo.xcprivacy in Resources */ = {isa = PBXBuildFile; fileRef = 95DB3B0153FEE20CA9EFC1A0 /* PrivacyInfo.xcprivacy */; };
		1F45DE5999900EED79F0404E /* Generator.swift in Sources */ = {isa = PBXBuildFile; fileRef = 61DE668CA428DBDB90160749 /* Generator.swift */; };
		2CD54C9513FF620B09695B6B /* ToolbarView.swift in Sources */ = {isa = PBXBuildFile; fileRef = DB0C36B781EF63E09196E223 /* ToolbarView.swift */; };
		312E3DE2D99D913C41CDDFEA /* SudokuForZivApp.swift in Sources */ = {isa = PBXBuildFile; fileRef = C834C6621407355DBF1364FC /* SudokuForZivApp.swift */; };
		43CD282BCEA3E2EC9D8A29D6 /* CellView.swift in Sources */ = {isa = PBXBuildFile; fileRef = 309A9B3A284A0E569CDAF5A1 /* CellView.swift */; };
		456C4D2F58B8442C55CC4649 /* HomeView.swift in Sources */ = {isa = PBXBuildFile; fileRef = 93417C449CDC6029EEBF2608 /* HomeView.swift */; };
		5863D517DFD0870CC68078A3 /* PuzzleHasher.swift in Sources */ = {isa = PBXBuildFile; fileRef = 91353A1292A2257557D09DE7 /* PuzzleHasher.swift */; };
		6331CE3188B17165A6C1F864 /* CompanionSprites.swift in Sources */ = {isa = PBXBuildFile; fileRef = 3BB047A649452930A84DEF42 /* CompanionSprites.swift */; };
		6907B375A16574A4C2083DE1 /* Solver.swift in Sources */ = {isa = PBXBuildFile; fileRef = B66476C29D22274DC20013E7 /* Solver.swift */; };
		7038A1CA80D03BA6B08C5139 /* SolverTests.swift in Sources */ = {isa = PBXBuildFile; fileRef = 0A1BF6F4A74636CBA73C772F /* SolverTests.swift */; };
		7C428D2EC2A661E2CDB57C39 /* Board.swift in Sources */ = {isa = PBXBuildFile; fileRef = A42B305257DA39C3CC91DDD2 /* Board.swift */; };
		851A752D602AA557ED6BE905 /* AdaptiveDifficulty.swift in Sources */ = {isa = PBXBuildFile; fileRef = B20B767FC0BD4B55E4F34822 /* AdaptiveDifficulty.swift */; };
		8BC7EEDEF9049D665E87C870 /* ActiveGame.swift in Sources */ = {isa = PBXBuildFile; fileRef = 2BE289B6494797A062AC72C6 /* ActiveGame.swift */; };
		8E6EE354D27525515AF4729A /* GameViewModel.swift in Sources */ = {isa = PBXBuildFile; fileRef = 847DB68E06802A7AC54BE81D /* GameViewModel.swift */; };
		9590FEDF163333AD96EB693E /* DifficultyRater.swift in Sources */ = {isa = PBXBuildFile; fileRef = 509A0E8A1E6B6C78AA80561E /* DifficultyRater.swift */; };
		9926FE24B098531B8CCF53D9 /* GameView.swift in Sources */ = {isa = PBXBuildFile; fileRef = BD19881EE0F4D7DF8D7D6700 /* GameView.swift */; };
		AAABEC29B7FDBE1CDFCA8E18 /* Theme.swift in Sources */ = {isa = PBXBuildFile; fileRef = E6945FB7829C6EFF681665DA /* Theme.swift */; };
		B112D9FAD61764AEFB16AB26 /* StatsView.swift in Sources */ = {isa = PBXBuildFile; fileRef = C2F521351CF6BEDF77B0CD2D /* StatsView.swift */; };
		B2CFC30A7E175622CC613318 /* HumanSolverTests.swift in Sources */ = {isa = PBXBuildFile; fileRef = EBFDF8E45AB7636187E64BDB /* HumanSolverTests.swift */; };
		B3DE7091E04C197633476ECE /* GeneratorTests.swift in Sources */ = {isa = PBXBuildFile; fileRef = 7A547CE9AEDB005BF7FD927F /* GeneratorTests.swift */; };
		BE79D27AAA3D29C72F324562 /* BoardView.swift in Sources */ = {isa = PBXBuildFile; fileRef = DD8B9119659F806D98BB293B /* BoardView.swift */; };
		C06D82A49F4C2AC5BCD7F24F /* RootView.swift in Sources */ = {isa = PBXBuildFile; fileRef = E9537AB4A8CAE400FC981F23 /* RootView.swift */; };
		CAA03AD2475BF4DE84B29B5C /* DifficultyRaterTests.swift in Sources */ = {isa = PBXBuildFile; fileRef = 5159904B659B5D2C57CADB22 /* DifficultyRaterTests.swift */; };
		CFF9D5F30760C6DC58D7AD4F /* CompletedGame.swift in Sources */ = {isa = PBXBuildFile; fileRef = 1AEF47B185BD6634273F4D0D /* CompletedGame.swift */; };
		DC7A06264FC6C807455DE07B /* Puzzle.swift in Sources */ = {isa = PBXBuildFile; fileRef = 66A093D13054C4837D4577C2 /* Puzzle.swift */; };
		EEE05BFFEBEC85021EA06915 /* WinView.swift in Sources */ = {isa = PBXBuildFile; fileRef = 154193F793B982987F5508F8 /* WinView.swift */; };
		EF228CEF5CFD81BE09FFB035 /* Difficulty.swift in Sources */ = {isa = PBXBuildFile; fileRef = 3D6A42B649A089E9C2B00800 /* Difficulty.swift */; };
		F45C1AE2E17AC68B92252847 /* HumanSolver.swift in Sources */ = {isa = PBXBuildFile; fileRef = 1961B951F688C84F8EAE5EAC /* HumanSolver.swift */; };
/* End PBXBuildFile section */

/* Begin PBXContainerItemProxy section */
		1709FD74F77FED3D378EE9EE /* PBXContainerItemProxy */ = {
			isa = PBXContainerItemProxy;
			containerPortal = DD84413910EAC726EB688B14 /* Project object */;
			proxyType = 1;
			remoteGlobalIDString = 9024101B9C57515BB6998683;
			remoteInfo = SudokuForZiv;
		};
/* End PBXContainerItemProxy section */

/* Begin PBXFileReference section */
		0A1BF6F4A74636CBA73C772F /* SolverTests.swift */ = {isa = PBXFileReference; lastKnownFileType = sourcecode.swift; path = SolverTests.swift; sourceTree = "<group>"; };
		0D5F9FDF2229E16A6F5F7A0C /* SudokuForZiv.app */ = {isa = PBXFileReference; includeInIndex = 0; lastKnownFileType = wrapper.application; path = SudokuForZiv.app; sourceTree = BUILT_PRODUCTS_DIR; };
		154193F793B982987F5508F8 /* WinView.swift */ = {isa = PBXFileReference; lastKnownFileType = sourcecode.swift; path = WinView.swift; sourceTree = "<group>"; };
		1961B951F688C84F8EAE5EAC /* HumanSolver.swift */ = {isa = PBXFileReference; lastKnownFileType = sourcecode.swift; path = HumanSolver.swift; sourceTree = "<group>"; };
		1AEF47B185BD6634273F4D0D /* CompletedGame.swift */ = {isa = PBXFileReference; lastKnownFileType = sourcecode.swift; path = CompletedGame.swift; sourceTree = "<group>"; };
		1D96311AF1FE2E9662A98094 /* SudokuForZivTests.xctest */ = {isa = PBXFileReference; includeInIndex = 0; lastKnownFileType = wrapper.cfbundle; path = SudokuForZivTests.xctest; sourceTree = BUILT_PRODUCTS_DIR; };
		2BE289B6494797A062AC72C6 /* ActiveGame.swift */ = {isa = PBXFileReference; lastKnownFileType = sourcecode.swift; path = ActiveGame.swift; sourceTree = "<group>"; };
		309A9B3A284A0E569CDAF5A1 /* CellView.swift */ = {isa = PBXFileReference; lastKnownFileType = sourcecode.swift; path = CellView.swift; sourceTree = "<group>"; };
		3BB047A649452930A84DEF42 /* CompanionSprites.swift */ = {isa = PBXFileReference; lastKnownFileType = sourcecode.swift; path = CompanionSprites.swift; sourceTree = "<group>"; };
		3D6A42B649A089E9C2B00800 /* Difficulty.swift */ = {isa = PBXFileReference; lastKnownFileType = sourcecode.swift; path = Difficulty.swift; sourceTree = "<group>"; };
		457D817E3FEA2CA1AB717600 /* DailyRecord.swift */ = {isa = PBXFileReference; lastKnownFileType = sourcecode.swift; path = DailyRecord.swift; sourceTree = "<group>"; };
		509A0E8A1E6B6C78AA80561E /* DifficultyRater.swift */ = {isa = PBXFileReference; lastKnownFileType = sourcecode.swift; path = DifficultyRater.swift; sourceTree = "<group>"; };
		5159904B659B5D2C57CADB22 /* DifficultyRaterTests.swift */ = {isa = PBXFileReference; lastKnownFileType = sourcecode.swift; path = DifficultyRaterTests.swift; sourceTree = "<group>"; };
		61DE668CA428DBDB90160749 /* Generator.swift */ = {isa = PBXFileReference; lastKnownFileType = sourcecode.swift; path = Generator.swift; sourceTree = "<group>"; };
		66A093D13054C4837D4577C2 /* Puzzle.swift */ = {isa = PBXFileReference; lastKnownFileType = sourcecode.swift; path = Puzzle.swift; sourceTree = "<group>"; };
		6F8CDB17DC7777304C68244B /* Assets.xcassets */ = {isa = PBXFileReference; lastKnownFileType = folder.assetcatalog; path = Assets.xcassets; sourceTree = "<group>"; };
		7A547CE9AEDB005BF7FD927F /* GeneratorTests.swift */ = {isa = PBXFileReference; lastKnownFileType = sourcecode.swift; path = GeneratorTests.swift; sourceTree = "<group>"; };
		7DB86A53CC7B5FCF65BF3B72 /* Info.plist */ = {isa = PBXFileReference; lastKnownFileType = text.plist; path = Info.plist; sourceTree = "<group>"; };
		847DB68E06802A7AC54BE81D /* GameViewModel.swift */ = {isa = PBXFileReference; lastKnownFileType = sourcecode.swift; path = GameViewModel.swift; sourceTree = "<group>"; };
		91353A1292A2257557D09DE7 /* PuzzleHasher.swift */ = {isa = PBXFileReference; lastKnownFileType = sourcecode.swift; path = PuzzleHasher.swift; sourceTree = "<group>"; };
		93417C449CDC6029EEBF2608 /* HomeView.swift */ = {isa = PBXFileReference; lastKnownFileType = sourcecode.swift; path = HomeView.swift; sourceTree = "<group>"; };
		95DB3B0153FEE20CA9EFC1A0 /* PrivacyInfo.xcprivacy */ = {isa = PBXFileReference; path = PrivacyInfo.xcprivacy; sourceTree = "<group>"; };
		A42B305257DA39C3CC91DDD2 /* Board.swift */ = {isa = PBXFileReference; lastKnownFileType = sourcecode.swift; path = Board.swift; sourceTree = "<group>"; };
		B20B767FC0BD4B55E4F34822 /* AdaptiveDifficulty.swift */ = {isa = PBXFileReference; lastKnownFileType = sourcecode.swift; path = AdaptiveDifficulty.swift; sourceTree = "<group>"; };
		B66476C29D22274DC20013E7 /* Solver.swift */ = {isa = PBXFileReference; lastKnownFileType = sourcecode.swift; path = Solver.swift; sourceTree = "<group>"; };
		BD19881EE0F4D7DF8D7D6700 /* GameView.swift */ = {isa = PBXFileReference; lastKnownFileType = sourcecode.swift; path = GameView.swift; sourceTree = "<group>"; };
		C2F521351CF6BEDF77B0CD2D /* StatsView.swift */ = {isa = PBXFileReference; lastKnownFileType = sourcecode.swift; path = StatsView.swift; sourceTree = "<group>"; };
		C834C6621407355DBF1364FC /* SudokuForZivApp.swift */ = {isa = PBXFileReference; lastKnownFileType = sourcecode.swift; path = SudokuForZivApp.swift; sourceTree = "<group>"; };
		CF4272919E91ADDCD0CC3888 /* NumberPadView.swift */ = {isa = PBXFileReference; lastKnownFileType = sourcecode.swift; path = NumberPadView.swift; sourceTree = "<group>"; };
		DB0C36B781EF63E09196E223 /* ToolbarView.swift */ = {isa = PBXFileReference; lastKnownFileType = sourcecode.swift; path = ToolbarView.swift; sourceTree = "<group>"; };
		DD8B9119659F806D98BB293B /* BoardView.swift */ = {isa = PBXFileReference; lastKnownFileType = sourcecode.swift; path = BoardView.swift; sourceTree = "<group>"; };
		DE3E376E2231B155BD6FC727 /* SpriteAssets.json */ = {isa = PBXFileReference; lastKnownFileType = text.json; path = SpriteAssets.json; sourceTree = "<group>"; };
		E6945FB7829C6EFF681665DA /* Theme.swift */ = {isa = PBXFileReference; lastKnownFileType = sourcecode.swift; path = Theme.swift; sourceTree = "<group>"; };
		E9537AB4A8CAE400FC981F23 /* RootView.swift */ = {isa = PBXFileReference; lastKnownFileType = sourcecode.swift; path = RootView.swift; sourceTree = "<group>"; };
		EBFDF8E45AB7636187E64BDB /* HumanSolverTests.swift */ = {isa = PBXFileReference; lastKnownFileType = sourcecode.swift; path = HumanSolverTests.swift; sourceTree = "<group>"; };
/* End PBXFileReference section */

/* Begin PBXGroup section */
		17F27A0B7DD38DD7E2838A30 /* App */ = {
			isa = PBXGroup;
			children = (
				C834C6621407355DBF1364FC /* SudokuForZivApp.swift */,
			);
			path = App;
			sourceTree = "<group>";
		};
		2E00B299D1B67A42BE6DCC4F = {
			isa = PBXGroup;
			children = (
				AE001101A4C03C4BD5E68C8F /* SudokuForZiv */,
				8C46C060E56B41E5A35B5A48 /* SudokuForZivTests */,
				E39653EB7D27AF6ED38CD249 /* Products */,
			);
			sourceTree = "<group>";
		};
		66AC964463810887F849A8FF /* Persistence */ = {
			isa = PBXGroup;
			children = (
				2BE289B6494797A062AC72C6 /* ActiveGame.swift */,
				1AEF47B185BD6634273F4D0D /* CompletedGame.swift */,
				457D817E3FEA2CA1AB717600 /* DailyRecord.swift */,
			);
			path = Persistence;
			sourceTree = "<group>";
		};
		7585D0BB11AE773485AA8A5F /* Theme */ = {
			isa = PBXGroup;
			children = (
				E6945FB7829C6EFF681665DA /* Theme.swift */,
			);
			path = Theme;
			sourceTree = "<group>";
		};
		8C46C060E56B41E5A35B5A48 /* SudokuForZivTests */ = {
			isa = PBXGroup;
			children = (
				5159904B659B5D2C57CADB22 /* DifficultyRaterTests.swift */,
				7A547CE9AEDB005BF7FD927F /* GeneratorTests.swift */,
				EBFDF8E45AB7636187E64BDB /* HumanSolverTests.swift */,
				0A1BF6F4A74636CBA73C772F /* SolverTests.swift */,
			);
			path = SudokuForZivTests;
			sourceTree = "<group>";
		};
		ADE1012081D567FE3F18DC0E /* Views */ = {
			isa = PBXGroup;
			children = (
				DD8B9119659F806D98BB293B /* BoardView.swift */,
				309A9B3A284A0E569CDAF5A1 /* CellView.swift */,
				3BB047A649452930A84DEF42 /* CompanionSprites.swift */,
				BD19881EE0F4D7DF8D7D6700 /* GameView.swift */,
				93417C449CDC6029EEBF2608 /* HomeView.swift */,
				CF4272919E91ADDCD0CC3888 /* NumberPadView.swift */,
				E9537AB4A8CAE400FC981F23 /* RootView.swift */,
				C2F521351CF6BEDF77B0CD2D /* StatsView.swift */,
				DB0C36B781EF63E09196E223 /* ToolbarView.swift */,
				154193F793B982987F5508F8 /* WinView.swift */,
			);
			path = Views;
			sourceTree = "<group>";
		};
		AE001101A4C03C4BD5E68C8F /* SudokuForZiv */ = {
			isa = PBXGroup;
			children = (
				17F27A0B7DD38DD7E2838A30 /* App */,
				F31933097D0C9D75D207F566 /* Engine */,
				66AC964463810887F849A8FF /* Persistence */,
				7585D0BB11AE773485AA8A5F /* Theme */,
				EE8EF31672AE4BA1DCC2AC62 /* ViewModels */,
				ADE1012081D567FE3F18DC0E /* Views */,
				6F8CDB17DC7777304C68244B /* Assets.xcassets */,
				7DB86A53CC7B5FCF65BF3B72 /* Info.plist */,
				95DB3B0153FEE20CA9EFC1A0 /* PrivacyInfo.xcprivacy */,
				DE3E376E2231B155BD6FC727 /* SpriteAssets.json */,
			);
			path = SudokuForZiv;
			sourceTree = "<group>";
		};
		E39653EB7D27AF6ED38CD249 /* Products */ = {
			isa = PBXGroup;
			children = (
				0D5F9FDF2229E16A6F5F7A0C /* SudokuForZiv.app */,
				1D96311AF1FE2E9662A98094 /* SudokuForZivTests.xctest */,
			);
			name = Products;
			sourceTree = "<group>";
		};
		EE8EF31672AE4BA1DCC2AC62 /* ViewModels */ = {
			isa = PBXGroup;
			children = (
				847DB68E06802A7AC54BE81D /* GameViewModel.swift */,
			);
			path = ViewModels;
			sourceTree = "<group>";
		};
		F31933097D0C9D75D207F566 /* Engine */ = {
			isa = PBXGroup;
			children = (
				B20B767FC0BD4B55E4F34822 /* AdaptiveDifficulty.swift */,
				A42B305257DA39C3CC91DDD2 /* Board.swift */,
				3D6A42B649A089E9C2B00800 /* Difficulty.swift */,
				509A0E8A1E6B6C78AA80561E /* DifficultyRater.swift */,
				61DE668CA428DBDB90160749 /* Generator.swift */,
				1961B951F688C84F8EAE5EAC /* HumanSolver.swift */,
				66A093D13054C4837D4577C2 /* Puzzle.swift */,
				91353A1292A2257557D09DE7 /* PuzzleHasher.swift */,
				B66476C29D22274DC20013E7 /* Solver.swift */,
			);
			path = Engine;
			sourceTree = "<group>";
		};
/* End PBXGroup section */

/* Begin PBXNativeTarget section */
		9024101B9C57515BB6998683 /* SudokuForZiv */ = {
			isa = PBXNativeTarget;
			buildConfigurationList = 6A9285539BE36F70B5B26A06 /* Build configuration list for PBXNativeTarget "SudokuForZiv" */;
			buildPhases = (
				F11D6321A93494BB2A9C6C12 /* Sources */,
				ECB208915CFE36CECFCCD3C2 /* Resources */,
			);
			buildRules = (
			);
			dependencies = (
			);
			name = SudokuForZiv;
			packageProductDependencies = (
			);
			productName = SudokuForZiv;
			productReference = 0D5F9FDF2229E16A6F5F7A0C /* SudokuForZiv.app */;
			productType = "com.apple.product-type.application";
		};
		E071556C7A4E9697CB887C6F /* SudokuForZivTests */ = {
			isa = PBXNativeTarget;
			buildConfigurationList = 480C9F9CD7B3C0F3587592C9 /* Build configuration list for PBXNativeTarget "SudokuForZivTests" */;
			buildPhases = (
				EB391E5A9459A5D68F53E02F /* Sources */,
			);
			buildRules = (
			);
			dependencies = (
				9D868FB2057D0C40E055E528 /* PBXTargetDependency */,
			);
			name = SudokuForZivTests;
			packageProductDependencies = (
			);
			productName = SudokuForZivTests;
			productReference = 1D96311AF1FE2E9662A98094 /* SudokuForZivTests.xctest */;
			productType = "com.apple.product-type.bundle.unit-test";
		};
/* End PBXNativeTarget section */

/* Begin PBXProject section */
		DD84413910EAC726EB688B14 /* Project object */ = {
			isa = PBXProject;
			attributes = {
				BuildIndependentTargetsInParallel = YES;
				LastUpgradeCheck = 1600;
				TargetAttributes = {
					9024101B9C57515BB6998683 = {
						DevelopmentTeam = ZADSZ6HP53;
					};
				};
			};
			buildConfigurationList = 4B747A4A4A0FCC0441B263FE /* Build configuration list for PBXProject "SudokuForZiv" */;
			developmentRegion = en;
			hasScannedForEncodings = 0;
			knownRegions = (
				Base,
				en,
			);
			mainGroup = 2E00B299D1B67A42BE6DCC4F;
			minimizedProjectReferenceProxies = 1;
			preferredProjectObjectVersion = 77;
			productRefGroup = E39653EB7D27AF6ED38CD249 /* Products */;
			projectDirPath = "";
			projectRoot = "";
			targets = (
				9024101B9C57515BB6998683 /* SudokuForZiv */,
				E071556C7A4E9697CB887C6F /* SudokuForZivTests */,
			);
		};
/* End PBXProject section */

/* Begin PBXResourcesBuildPhase section */
		ECB208915CFE36CECFCCD3C2 /* Resources */ = {
			isa = PBXResourcesBuildPhase;
			buildActionMask = 2147483647;
			files = (
				1B62603DBE4A7BFF030B6945 /* Assets.xcassets in Resources */,
				1E507CBA01920A833ABC0D25 /* PrivacyInfo.xcprivacy in Resources */,
				149FEAABB302B9361B580396 /* SpriteAssets.json in Resources */,
			);
			runOnlyForDeploymentPostprocessing = 0;
		};
/* End PBXResourcesBuildPhase section */

/* Begin PBXSourcesBuildPhase section */
		EB391E5A9459A5D68F53E02F /* Sources */ = {
			isa = PBXSourcesBuildPhase;
			buildActionMask = 2147483647;
			files = (
				CAA03AD2475BF4DE84B29B5C /* DifficultyRaterTests.swift in Sources */,
				B3DE7091E04C197633476ECE /* GeneratorTests.swift in Sources */,
				B2CFC30A7E175622CC613318 /* HumanSolverTests.swift in Sources */,
				7038A1CA80D03BA6B08C5139 /* SolverTests.swift in Sources */,
			);
			runOnlyForDeploymentPostprocessing = 0;
		};
		F11D6321A93494BB2A9C6C12 /* Sources */ = {
			isa = PBXSourcesBuildPhase;
			buildActionMask = 2147483647;
			files = (
				8BC7EEDEF9049D665E87C870 /* ActiveGame.swift in Sources */,
				851A752D602AA557ED6BE905 /* AdaptiveDifficulty.swift in Sources */,
				7C428D2EC2A661E2CDB57C39 /* Board.swift in Sources */,
				BE79D27AAA3D29C72F324562 /* BoardView.swift in Sources */,
				43CD282BCEA3E2EC9D8A29D6 /* CellView.swift in Sources */,
				6331CE3188B17165A6C1F864 /* CompanionSprites.swift in Sources */,
				CFF9D5F30760C6DC58D7AD4F /* CompletedGame.swift in Sources */,
				025C4870D8CD98F16FBEF697 /* DailyRecord.swift in Sources */,
				EF228CEF5CFD81BE09FFB035 /* Difficulty.swift in Sources */,
				9590FEDF163333AD96EB693E /* DifficultyRater.swift in Sources */,
				9926FE24B098531B8CCF53D9 /* GameView.swift in Sources */,
				8E6EE354D27525515AF4729A /* GameViewModel.swift in Sources */,
				1F45DE5999900EED79F0404E /* Generator.swift in Sources */,
				456C4D2F58B8442C55CC4649 /* HomeView.swift in Sources */,
				F45C1AE2E17AC68B92252847 /* HumanSolver.swift in Sources */,
				126DFAFCAB80DD7895E5F01D /* NumberPadView.swift in Sources */,
				DC7A06264FC6C807455DE07B /* Puzzle.swift in Sources */,
				5863D517DFD0870CC68078A3 /* PuzzleHasher.swift in Sources */,
				C06D82A49F4C2AC5BCD7F24F /* RootView.swift in Sources */,
				6907B375A16574A4C2083DE1 /* Solver.swift in Sources */,
				B112D9FAD61764AEFB16AB26 /* StatsView.swift in Sources */,
				312E3DE2D99D913C41CDDFEA /* SudokuForZivApp.swift in Sources */,
				AAABEC29B7FDBE1CDFCA8E18 /* Theme.swift in Sources */,
				2CD54C9513FF620B09695B6B /* ToolbarView.swift in Sources */,
				EEE05BFFEBEC85021EA06915 /* WinView.swift in Sources */,
			);
			runOnlyForDeploymentPostprocessing = 0;
		};
/* End PBXSourcesBuildPhase section */

/* Begin PBXTargetDependency section */
		9D868FB2057D0C40E055E528 /* PBXTargetDependency */ = {
			isa = PBXTargetDependency;
			target = 9024101B9C57515BB6998683 /* SudokuForZiv */;
			targetProxy = 1709FD74F77FED3D378EE9EE /* PBXContainerItemProxy */;
		};
/* End PBXTargetDependency section */

/* Begin XCBuildConfiguration section */
		053A7D69E2FB61C5358A3FE4 /* Release */ = {
			isa = XCBuildConfiguration;
			buildSettings = {
				ASSETCATALOG_COMPILER_APPICON_NAME = AppIcon;
				ASSETCATALOG_COMPILER_GLOBAL_ACCENT_COLOR_NAME = AccentColor;
				CODE_SIGN_IDENTITY = "iPhone Developer";
				CURRENT_PROJECT_VERSION = 4;
				DEVELOPMENT_TEAM = ZADSZ6HP53;
				ENABLE_PREVIEWS = YES;
				INFOPLIST_FILE = SudokuForZiv/Info.plist;
				IPHONEOS_DEPLOYMENT_TARGET = 17.0;
				LD_RUNPATH_SEARCH_PATHS = "$(inherited) @executable_path/Frameworks";
				MARKETING_VERSION = 1.0;
				PRODUCT_BUNDLE_IDENTIFIER = com.idanbu.SudokuForZiv;
				SDKROOT = iphoneos;
				SWIFT_STRICT_CONCURRENCY = targeted;
				SWIFT_VERSION = 6.0;
				TARGETED_DEVICE_FAMILY = "1,2";
			};
			name = Release;
		};
		1D485268B9B0117983A88907 /* Release */ = {
			isa = XCBuildConfiguration;
			buildSettings = {
				BUNDLE_LOADER = "$(TEST_HOST)";
				GENERATE_INFOPLIST_FILE = YES;
				IPHONEOS_DEPLOYMENT_TARGET = 17.0;
				LD_RUNPATH_SEARCH_PATHS = (
					"$(inherited)",
					"@executable_path/Frameworks",
					"@loader_path/Frameworks",
				);
				PRODUCT_BUNDLE_IDENTIFIER = com.idanbu.SudokuForZivTests;
				SDKROOT = iphoneos;
				SWIFT_STRICT_CONCURRENCY = targeted;
				SWIFT_VERSION = 6.0;
				TARGETED_DEVICE_FAMILY = "1,2";
				TEST_HOST = "$(BUILT_PRODUCTS_DIR)/SudokuForZiv.app/SudokuForZiv";
			};
			name = Release;
		};
		21C2231F6C274844798C0C48 /* Release */ = {
			isa = XCBuildConfiguration;
			buildSettings = {
				ALWAYS_SEARCH_USER_PATHS = NO;
				CLANG_ANALYZER_NONNULL = YES;
				CLANG_ANALYZER_NUMBER_OBJECT_CONVERSION = YES_AGGRESSIVE;
				CLANG_CXX_LANGUAGE_STANDARD = "gnu++14";
				CLANG_CXX_LIBRARY = "libc++";
				CLANG_ENABLE_MODULES = YES;
				CLANG_ENABLE_OBJC_ARC = YES;
				CLANG_ENABLE_OBJC_WEAK = YES;
				CLANG_WARN_BLOCK_CAPTURE_AUTORELEASING = YES;
				CLANG_WARN_BOOL_CONVERSION = YES;
				CLANG_WARN_COMMA = YES;
				CLANG_WARN_CONSTANT_CONVERSION = YES;
				CLANG_WARN_DEPRECATED_OBJC_IMPLEMENTATIONS = YES;
				CLANG_WARN_DIRECT_OBJC_ISA_USAGE = YES_ERROR;
				CLANG_WARN_DOCUMENTATION_COMMENTS = YES;
				CLANG_WARN_EMPTY_BODY = YES;
				CLANG_WARN_ENUM_CONVERSION = YES;
				CLANG_WARN_INFINITE_RECURSION = YES;
				CLANG_WARN_INT_CONVERSION = YES;
				CLANG_WARN_NON_LITERAL_NULL_CONVERSION = YES;
				CLANG_WARN_OBJC_IMPLICIT_RETAIN_SELF = YES;
				CLANG_WARN_OBJC_LITERAL_CONVERSION = YES;
				CLANG_WARN_OBJC_ROOT_CLASS = YES_ERROR;
				CLANG_WARN_QUOTED_INCLUDE_IN_FRAMEWORK_HEADER = YES;
				CLANG_WARN_RANGE_LOOP_ANALYSIS = YES;
				CLANG_WARN_STRICT_PROTOTYPES = YES;
				CLANG_WARN_SUSPICIOUS_MOVE = YES;
				CLANG_WARN_UNGUARDED_AVAILABILITY = YES_AGGRESSIVE;
				CLANG_WARN_UNREACHABLE_CODE = YES;
				CLANG_WARN__DUPLICATE_METHOD_MATCH = YES;
				COPY_PHASE_STRIP = NO;
				CURRENT_PROJECT_VERSION = 4;
				DEBUG_INFORMATION_FORMAT = "dwarf-with-dsym";
				ENABLE_NS_ASSERTIONS = NO;
				ENABLE_STRICT_OBJC_MSGSEND = YES;
				GCC_C_LANGUAGE_STANDARD = gnu11;
				GCC_NO_COMMON_BLOCKS = YES;
				GCC_WARN_64_TO_32_BIT_CONVERSION = YES;
				GCC_WARN_ABOUT_RETURN_TYPE = YES_ERROR;
				GCC_WARN_UNDECLARED_SELECTOR = YES;
				GCC_WARN_UNINITIALIZED_AUTOS = YES_AGGRESSIVE;
				GCC_WARN_UNUSED_FUNCTION = YES;
				GCC_WARN_UNUSED_VARIABLE = YES;
				IPHONEOS_DEPLOYMENT_TARGET = 17.0;
				MARKETING_VERSION = 1.0;
				MTL_ENABLE_DEBUG_INFO = NO;
				MTL_FAST_MATH = YES;
				PRODUCT_NAME = "$(TARGET_NAME)";
				SDKROOT = iphoneos;
				SWIFT_COMPILATION_MODE = wholemodule;
				SWIFT_OPTIMIZATION_LEVEL = "-O";
				SWIFT_VERSION = 6.0;
			};
			name = Release;
		};
		222957580AA61C7CD851CE7A /* Debug */ = {
			isa = XCBuildConfiguration;
			buildSettings = {
				ALWAYS_SEARCH_USER_PATHS = NO;
				CLANG_ANALYZER_NONNULL = YES;
				CLANG_ANALYZER_NUMBER_OBJECT_CONVERSION = YES_AGGRESSIVE;
				CLANG_CXX_LANGUAGE_STANDARD = "gnu++14";
				CLANG_CXX_LIBRARY = "libc++";
				CLANG_ENABLE_MODULES = YES;
				CLANG_ENABLE_OBJC_ARC = YES;
				CLANG_ENABLE_OBJC_WEAK = YES;
				CLANG_WARN_BLOCK_CAPTURE_AUTORELEASING = YES;
				CLANG_WARN_BOOL_CONVERSION = YES;
				CLANG_WARN_COMMA = YES;
				CLANG_WARN_CONSTANT_CONVERSION = YES;
				CLANG_WARN_DEPRECATED_OBJC_IMPLEMENTATIONS = YES;
				CLANG_WARN_DIRECT_OBJC_ISA_USAGE = YES_ERROR;
				CLANG_WARN_DOCUMENTATION_COMMENTS = YES;
				CLANG_WARN_EMPTY_BODY = YES;
				CLANG_WARN_ENUM_CONVERSION = YES;
				CLANG_WARN_INFINITE_RECURSION = YES;
				CLANG_WARN_INT_CONVERSION = YES;
				CLANG_WARN_NON_LITERAL_NULL_CONVERSION = YES;
				CLANG_WARN_OBJC_IMPLICIT_RETAIN_SELF = YES;
				CLANG_WARN_OBJC_LITERAL_CONVERSION = YES;
				CLANG_WARN_OBJC_ROOT_CLASS = YES_ERROR;
				CLANG_WARN_QUOTED_INCLUDE_IN_FRAMEWORK_HEADER = YES;
				CLANG_WARN_RANGE_LOOP_ANALYSIS = YES;
				CLANG_WARN_STRICT_PROTOTYPES = YES;
				CLANG_WARN_SUSPICIOUS_MOVE = YES;
				CLANG_WARN_UNGUARDED_AVAILABILITY = YES_AGGRESSIVE;
				CLANG_WARN_UNREACHABLE_CODE = YES;
				CLANG_WARN__DUPLICATE_METHOD_MATCH = YES;
				COPY_PHASE_STRIP = NO;
				CURRENT_PROJECT_VERSION = 4;
				DEBUG_INFORMATION_FORMAT = dwarf;
				ENABLE_STRICT_OBJC_MSGSEND = YES;
				ENABLE_TESTABILITY = YES;
				GCC_C_LANGUAGE_STANDARD = gnu11;
				GCC_DYNAMIC_NO_PIC = NO;
				GCC_NO_COMMON_BLOCKS = YES;
				GCC_OPTIMIZATION_LEVEL = 0;
				GCC_PREPROCESSOR_DEFINITIONS = (
					"$(inherited)",
					"DEBUG=1",
				);
				GCC_WARN_64_TO_32_BIT_CONVERSION = YES;
				GCC_WARN_ABOUT_RETURN_TYPE = YES_ERROR;
				GCC_WARN_UNDECLARED_SELECTOR = YES;
				GCC_WARN_UNINITIALIZED_AUTOS = YES_AGGRESSIVE;
				GCC_WARN_UNUSED_FUNCTION = YES;
				GCC_WARN_UNUSED_VARIABLE = YES;
				IPHONEOS_DEPLOYMENT_TARGET = 17.0;
				MARKETING_VERSION = 1.0;
				MTL_ENABLE_DEBUG_INFO = INCLUDE_SOURCE;
				MTL_FAST_MATH = YES;
				ONLY_ACTIVE_ARCH = YES;
				PRODUCT_NAME = "$(TARGET_NAME)";
				SDKROOT = iphoneos;
				SWIFT_ACTIVE_COMPILATION_CONDITIONS = DEBUG;
				SWIFT_OPTIMIZATION_LEVEL = "-Onone";
				SWIFT_VERSION = 6.0;
			};
			name = Debug;
		};
		55CB13A6151D2E92DB41602F /* Debug */ = {
			isa = XCBuildConfiguration;
			buildSettings = {
				ASSETCATALOG_COMPILER_APPICON_NAME = AppIcon;
				ASSETCATALOG_COMPILER_GLOBAL_ACCENT_COLOR_NAME = AccentColor;
				CODE_SIGN_IDENTITY = "iPhone Developer";
				CURRENT_PROJECT_VERSION = 4;
				DEVELOPMENT_TEAM = ZADSZ6HP53;
				ENABLE_PREVIEWS = YES;
				INFOPLIST_FILE = SudokuForZiv/Info.plist;
				IPHONEOS_DEPLOYMENT_TARGET = 17.0;
				LD_RUNPATH_SEARCH_PATHS = "$(inherited) @executable_path/Frameworks";
				MARKETING_VERSION = 1.0;
				PRODUCT_BUNDLE_IDENTIFIER = com.idanbu.SudokuForZiv;
				SDKROOT = iphoneos;
				SWIFT_STRICT_CONCURRENCY = targeted;
				SWIFT_VERSION = 6.0;
				TARGETED_DEVICE_FAMILY = "1,2";
			};
			name = Debug;
		};
		CA983B4FFF9D2B38BA715495 /* Debug */ = {
			isa = XCBuildConfiguration;
			buildSettings = {
				BUNDLE_LOADER = "$(TEST_HOST)";
				GENERATE_INFOPLIST_FILE = YES;
				IPHONEOS_DEPLOYMENT_TARGET = 17.0;
				LD_RUNPATH_SEARCH_PATHS = (
					"$(inherited)",
					"@executable_path/Frameworks",
					"@loader_path/Frameworks",
				);
				PRODUCT_BUNDLE_IDENTIFIER = com.idanbu.SudokuForZivTests;
				SDKROOT = iphoneos;
				SWIFT_STRICT_CONCURRENCY = targeted;
				SWIFT_VERSION = 6.0;
				TARGETED_DEVICE_FAMILY = "1,2";
				TEST_HOST = "$(BUILT_PRODUCTS_DIR)/SudokuForZiv.app/SudokuForZiv";
			};
			name = Debug;
		};
/* End XCBuildConfiguration section */

/* Begin XCConfigurationList section */
		480C9F9CD7B3C0F3587592C9 /* Build configuration list for PBXNativeTarget "SudokuForZivTests" */ = {
			isa = XCConfigurationList;
			buildConfigurations = (
				CA983B4FFF9D2B38BA715495 /* Debug */,
				1D485268B9B0117983A88907 /* Release */,
			);
			defaultConfigurationIsVisible = 0;
			defaultConfigurationName = Debug;
		};
		4B747A4A4A0FCC0441B263FE /* Build configuration list for PBXProject "SudokuForZiv" */ = {
			isa = XCConfigurationList;
			buildConfigurations = (
				222957580AA61C7CD851CE7A /* Debug */,
				21C2231F6C274844798C0C48 /* Release */,
			);
			defaultConfigurationIsVisible = 0;
			defaultConfigurationName = Debug;
		};
		6A9285539BE36F70B5B26A06 /* Build configuration list for PBXNativeTarget "SudokuForZiv" */ = {
			isa = XCConfigurationList;
			buildConfigurations = (
				55CB13A6151D2E92DB41602F /* Debug */,
				053A7D69E2FB61C5358A3FE4 /* Release */,
			);
			defaultConfigurationIsVisible = 0;
			defaultConfigurationName = Debug;
		};
/* End XCConfigurationList section */
	};
	rootObject = DD84413910EAC726EB688B14 /* Project object */;
}
